
Microsoft Visual Studio Solution File, Format Version 12.00
# Visual Studio Version 17
VisualStudioVersion = 17.14.36301.6
MinimumVisualStudioVersion = 10.0.40219.1
Project("{8BC9CEB8-8B4A-11D0-8D11-00A0C91BC942}") = "XORXORXOR", "XORXORXOR\XORXORXOR.vcxproj", "{06BB108F-C104-407C-9682-719E31731AE3}"
EndProject
Project("{8BC9CEB8-8B4A-11D0-8D11-00A0C91BC942}") = "사격내기", "사격내기\사격내기.vcxproj", "{248DEAED-2813-4FD1-92E9-09945A83AD2E}"
EndProject
Project("{8BC9CEB8-8B4A-11D0-8D11-00A0C91BC942}") = "2의보수", "2의보수\2의보수.vcxproj", "{D80647F6-B15A-46A9-88B1-E569DF5C3A03}"
EndProject
Project("{8BC9CEB8-8B4A-11D0-8D11-00A0C91BC942}") = "배고픈아리의샌드위치구매하기", "배고픈아리의샌드위치구매하기\배고픈아리의샌드위치구매하기.vcxproj", "{2A4BB7E1-38FE-40F4-B977-F048F5FE62B0}"
EndProject
Project("{8BC9CEB8-8B4A-11D0-8D11-00A0C91BC942}") = "배고파(Easy)", "배고파(Easy)\배고파(Easy).vcxproj", "{EA3D7C7B-1C4D-4CA5-B0CD-60DC65CF86BB}"
EndProject
Project("{8BC9CEB8-8B4A-11D0-8D11-00A0C91BC942}") = "드랍더비트", "드랍더비트\드랍더비트.vcxproj", "{7D9216A3-04F3-4F7A-B337-85CCEBC23072}"
EndProject
Project("{8BC9CEB8-8B4A-11D0-8D11-00A0C91BC942}") = "4-LSB", "4-LSB\4-LSB.vcxproj", "{B15341CE-8988-4BDA-84FE-D5304BBBBEF6}"
EndProject
Project("{8BC9CEB8-8B4A-11D0-8D11-00A0C91BC942}") = "MEXvsOR", "MEXvsOR\MEXvsOR.vcxproj", "{B5B358D2-2B16-4F97-939C-4E1A0D52A6F9}"
EndProject
Global
	GlobalSection(SolutionConfigurationPlatforms) = preSolution
		Debug|x64 = Debug|x64
		Debug|x86 = Debug|x86
		Release|x64 = Release|x64
		Release|x86 = Release|x86
	EndGlobalSection
	GlobalSection(ProjectConfigurationPlatforms) = postSolution
		{06BB108F-C104-407C-9682-719E31731AE3}.Debug|x64.ActiveCfg = Debug|x64
		{06BB108F-C104-407C-9682-719E31731AE3}.Debug|x64.Build.0 = Debug|x64
		{06BB108F-C104-407C-9682-719E31731AE3}.Debug|x86.ActiveCfg = Debug|Win32
		{06BB108F-C104-407C-9682-719E31731AE3}.Debug|x86.Build.0 = Debug|Win32
		{06BB108F-C104-407C-9682-719E31731AE3}.Release|x64.ActiveCfg = Release|x64
		{06BB108F-C104-407C-9682-719E31731AE3}.Release|x64.Build.0 = Release|x64
		{06BB108F-C104-407C-9682-719E31731AE3}.Release|x86.ActiveCfg = Release|Win32
		{06BB108F-C104-407C-9682-719E31731AE3}.Release|x86.Build.0 = Release|Win32
		{248DEAED-2813-4FD1-92E9-09945A83AD2E}.Debug|x64.ActiveCfg = Debug|x64
		{248DEAED-2813-4FD1-92E9-09945A83AD2E}.Debug|x64.Build.0 = Debug|x64
		{248DEAED-2813-4FD1-92E9-09945A83AD2E}.Debug|x86.ActiveCfg = Debug|Win32
		{248DEAED-2813-4FD1-92E9-09945A83AD2E}.Debug|x86.Build.0 = Debug|Win32
		{248DEAED-2813-4FD1-92E9-09945A83AD2E}.Release|x64.ActiveCfg = Release|x64
		{248DEAED-2813-4FD1-92E9-09945A83AD2E}.Release|x64.Build.0 = Release|x64
		{248DEAED-2813-4FD1-92E9-09945A83AD2E}.Release|x86.ActiveCfg = Release|Win32
		{248DEAED-2813-4FD1-92E9-09945A83AD2E}.Release|x86.Build.0 = Release|Win32
		{D80647F6-B15A-46A9-88B1-E569DF5C3A03}.Debug|x64.ActiveCfg = Debug|x64
		{D80647F6-B15A-46A9-88B1-E569DF5C3A03}.Debug|x64.Build.0 = Debug|x64
		{D80647F6-B15A-46A9-88B1-E569DF5C3A03}.Debug|x86.ActiveCfg = Debug|Win32
		{D80647F6-B15A-46A9-88B1-E569DF5C3A03}.Debug|x86.Build.0 = Debug|Win32
		{D80647F6-B15A-46A9-88B1-E569DF5C3A03}.Release|x64.ActiveCfg = Release|x64
		{D80647F6-B15A-46A9-88B1-E569DF5C3A03}.Release|x64.Build.0 = Release|x64
		{D80647F6-B15A-46A9-88B1-E569DF5C3A03}.Release|x86.ActiveCfg = Release|Win32
		{D80647F6-B15A-46A9-88B1-E569DF5C3A03}.Release|x86.Build.0 = Release|Win32
		{2A4BB7E1-38FE-40F4-B977-F048F5FE62B0}.Debug|x64.ActiveCfg = Debug|x64
		{2A4BB7E1-38FE-40F4-B977-F048F5FE62B0}.Debug|x64.Build.0 = Debug|x64
		{2A4BB7E1-38FE-40F4-B977-F048F5FE62B0}.Debug|x86.ActiveCfg = Debug|Win32
		{2A4BB7E1-38FE-40F4-B977-F048F5FE62B0}.Debug|x86.Build.0 = Debug|Win32
		{2A4BB7E1-38FE-40F4-B977-F048F5FE62B0}.Release|x64.ActiveCfg = Release|x64
		{2A4BB7E1-38FE-40F4-B977-F048F5FE62B0}.Release|x64.Build.0 = Release|x64
		{2A4BB7E1-38FE-40F4-B977-F048F5FE62B0}.Release|x86.ActiveCfg = Release|Win32
		{2A4BB7E1-38FE-40F4-B977-F048F5FE62B0}.Release|x86.Build.0 = Release|Win32
		{EA3D7C7B-1C4D-4CA5-B0CD-60DC65CF86BB}.Debug|x64.ActiveCfg = Debug|x64
		{EA3D7C7B-1C4D-4CA5-B0CD-60DC65CF86BB}.Debug|x64.Build.0 = Debug|x64
		{EA3D7C7B-1C4D-4CA5-B0CD-60DC65CF86BB}.Debug|x86.ActiveCfg = Debug|Win32
		{EA3D7C7B-1C4D-4CA5-B0CD-60DC65CF86BB}.Debug|x86.Build.0 = Debug|Win32
		{EA3D7C7B-1C4D-4CA5-B0CD-60DC65CF86BB}.Release|x64.ActiveCfg = Release|x64
		{EA3D7C7B-1C4D-4CA5-B0CD-60DC65CF86BB}.Release|x64.Build.0 = Release|x64
		{EA3D7C7B-1C4D-4CA5-B0CD-60DC65CF86BB}.Release|x86.ActiveCfg = Release|Win32
		{EA3D7C7B-1C4D-4CA5-B0CD-60DC65CF86BB}.Release|x86.Build.0 = Release|Win32
		{7D9216A3-04F3-4F7A-B337-85CCEBC23072}.Debug|x64.ActiveCfg = Debug|x64
		{7D9216A3-04F3-4F7A-B337-85CCEBC23072}.Debug|x64.Build.0 = Debug|x64
		{7D9216A3-04F3-4F7A-B337-85CCEBC23072}.Debug|x86.ActiveCfg = Debug|Win32
		{7D9216A3-04F3-4F7A-B337-85CCEBC23072}.Debug|x86.Build.0 = Debug|Win32
		{7D9216A3-04F3-4F7A-B337-85CCEBC23072}.Release|x64.ActiveCfg = Release|x64
		{7D9216A3-04F3-4F7A-B337-85CCEBC23072}.Release|x64.Build.0 = Release|x64
		{7D9216A3-04F3-4F7A-B337-85CCEBC23072}.Release|x86.ActiveCfg = Release|Win32
		{7D9216A3-04F3-4F7A-B337-85CCEBC23072}.Release|x86.Build.0 = Release|Win32
		{B15341CE-8988-4BDA-84FE-D5304BBBBEF6}.Debug|x64.ActiveCfg = Debug|x64
		{B15341CE-8988-4BDA-84FE-D5304BBBBEF6}.Debug|x64.Build.0 = Debug|x64
		{B15341CE-8988-4BDA-84FE-D5304BBBBEF6}.Debug|x86.ActiveCfg = Debug|Win32
		{B15341CE-8988-4BDA-84FE-D5304BBBBEF6}.Debug|x86.Build.0 = Debug|Win32
		{B15341CE-8988-4BDA-84FE-D5304BBBBEF6}.Release|x64.ActiveCfg = Release|x64
		{B15341CE-8988-4BDA-84FE-D5304BBBBEF6}.Release|x64.Build.0 = Release|x64
		{B15341CE-8988-4BDA-84FE-D5304BBBBEF6}.Release|x86.ActiveCfg = Release|Win32
		{B15341CE-8988-4BDA-84FE-D5304BBBBEF6}.Release|x86.Build.0 = Release|Win32
		{B5B358D2-2B16-4F97-939C-4E1A0D52A6F9}.Debug|x64.ActiveCfg = Debug|x64
		{B5B358D2-2B16-4F97-939C-4E1A0D52A6F9}.Debug|x64.Build.0 = Debug|x64
		{B5B358D2-2B16-4F97-939C-4E1A0D52A6F9}.Debug|x86.ActiveCfg = Debug|Win32
		{B5B358D2-2B16-4F97-939C-4E1A0D52A6F9}.Debug|x86.Build.0 = Debug|Win32
		{B5B358D2-2B16-4F97-939C-4E1A0D52A6F9}.Release|x64.ActiveCfg = Release|x64
		{B5B358D2-2B16-4F97-939C-4E1A0D52A6F9}.Release|x64.Build.0 = Release|x64
		{B5B358D2-2B16-4F97-939C-4E1A0D52A6F9}.Release|x86.ActiveCfg = Release|Win32
		{B5B358D2-2B16-4F97-939C-4E1A0D52A6F9}.Release|x86.Build.0 = Release|Win32
	EndGlobalSection
	GlobalSection(SolutionProperties) = preSolution
		HideSolutionNode = FALSE
	EndGlobalSection
	GlobalSection(ExtensibilityGlobals) = postSolution
		SolutionGuid = {1F1E8552-8F4A-461C-89CA-A0EDD56C41A9}
	EndGlobalSection
EndGlobal
