
Microsoft Visual Studio Solution File, Format Version 12.00
# Visual Studio Version 17
VisualStudioVersion = 17.13.35931.197 d17.13
MinimumVisualStudioVersion = 10.0.40219.1
Project("{8BC9CEB8-8B4A-11D0-8D11-00A0C91BC942}") = "2weeks", "2weeks.vcxproj", "{6F2495D2-A077-45D9-BADA-86A4B1DAE35C}"
EndProject
Global
	GlobalSection(SolutionConfigurationPlatforms) = preSolution
		Debug|x64 = Debug|x64
		Debug|x86 = Debug|x86
		Release|x64 = Release|x64
		Release|x86 = Release|x86
	EndGlobalSection
	GlobalSection(ProjectConfigurationPlatforms) = postSolution
		{6F2495D2-A077-45D9-BADA-86A4B1DAE35C}.Debug|x64.ActiveCfg = Debug|x64
		{6F2495D2-A077-45D9-BADA-86A4B1DAE35C}.Debug|x64.Build.0 = Debug|x64
		{6F2495D2-A077-45D9-BADA-86A4B1DAE35C}.Debug|x86.ActiveCfg = Debug|Win32
		{6F2495D2-A077-45D9-BADA-86A4B1DAE35C}.Debug|x86.Build.0 = Debug|Win32
		{6F2495D2-A077-45D9-BADA-86A4B1DAE35C}.Release|x64.ActiveCfg = Release|x64
		{6F2495D2-A077-45D9-BADA-86A4B1DAE35C}.Release|x64.Build.0 = Release|x64
		{6F2495D2-A077-45D9-BADA-86A4B1DAE35C}.Release|x86.ActiveCfg = Release|Win32
		{6F2495D2-A077-45D9-BADA-86A4B1DAE35C}.Release|x86.Build.0 = Release|Win32
	EndGlobalSection
	GlobalSection(SolutionProperties) = preSolution
		HideSolutionNode = FALSE
	EndGlobalSection
	GlobalSection(ExtensibilityGlobals) = postSolution
		SolutionGuid = {46CD7E08-AE6F-423C-A981-C6C94D670268}
	EndGlobalSection
EndGlobal
